
Microsoft Visual Studio Solution File, Format Version 12.00
# Visual Studio Version 17
VisualStudioVersion = 17.14.36518.9
MinimumVisualStudioVersion = 10.0.40219.1
Project("{2150E333-8FDC-42A3-9474-1A3956D46DE8}") = "0. Solution Items", "0. Solution Items", "{8EC462FD-D22E-90A8-E5CE-7E832BA40C5D}"
	ProjectSection(SolutionItems) = preProject
		README.md = README.md
	EndProjectSection
EndProject
Project("{FAE04EC0-301F-11D3-BF4B-00C04F79EFBC}") = "eShopSolution.Data", "eShopSolution.Data\eShopSolution.Data.csproj", "{39879B39-E0DA-483D-92BE-977EF620D97F}"
EndProject
Project("{FAE04EC0-301F-11D3-BF4B-00C04F79EFBC}") = "eShopSolution.Application", "eShopSolution.Application\eShopSolution.Application.csproj", "{CD1743AF-1308-42CC-9C30-61426F2D1A33}"
EndProject
Project("{FAE04EC0-301F-11D3-BF4B-00C04F79EFBC}") = "eShopSolution.Utilities", "eShopSolution.Utilities\eShopSolution.Utilities.csproj", "{758E9A06-0E53-4D71-8CE3-70C0CB48152E}"
EndProject
Project("{FAE04EC0-301F-11D3-BF4B-00C04F79EFBC}") = "eShopSolution.ViewModels", "eShopSolution.ViewModels\eShopSolution.ViewModels.csproj", "{869B9C52-891E-4DA9-A5FA-EE030AE114F5}"
EndProject
Project("{FAE04EC0-301F-11D3-BF4B-00C04F79EFBC}") = "eShopSolution.BackendApi", "eShopSolution.BackendApi\eShopSolution.BackendApi.csproj", "{8E8F1AB5-FC65-41EB-96E4-02118F6459F7}"
EndProject
Project("{2150E333-8FDC-42A3-9474-1A3956D46DE8}") = "1. Infrastructure", "1. Infrastructure", "{02EA681E-C7D8-13C7-8484-4AC65E1B71E8}"
EndProject
Project("{2150E333-8FDC-42A3-9474-1A3956D46DE8}") = "2. Domain", "2. Domain", "{CD3849EE-35D6-4DE9-B10C-AF758C718DD7}"
EndProject
Project("{2150E333-8FDC-42A3-9474-1A3956D46DE8}") = "3. Hosts", "3. Hosts", "{6D3FF506-345C-44E0-8F6C-A3B682DF3D82}"
EndProject
Project("{FAE04EC0-301F-11D3-BF4B-00C04F79EFBC}") = "eShopSolution.AdminApp", "eShopSolution.AdminApp\eShopSolution.AdminApp.csproj", "{1FCABB2E-971B-4270-A9AF-0C9902622928}"
EndProject
Global
	GlobalSection(SolutionConfigurationPlatforms) = preSolution
		Debug|Any CPU = Debug|Any CPU
		Release|Any CPU = Release|Any CPU
	EndGlobalSection
	GlobalSection(ProjectConfigurationPlatforms) = postSolution
		{39879B39-E0DA-483D-92BE-977EF620D97F}.Debug|Any CPU.ActiveCfg = Debug|Any CPU
		{39879B39-E0DA-483D-92BE-977EF620D97F}.Debug|Any CPU.Build.0 = Debug|Any CPU
		{39879B39-E0DA-483D-92BE-977EF620D97F}.Release|Any CPU.ActiveCfg = Release|Any CPU
		{39879B39-E0DA-483D-92BE-977EF620D97F}.Release|Any CPU.Build.0 = Release|Any CPU
		{CD1743AF-1308-42CC-9C30-61426F2D1A33}.Debug|Any CPU.ActiveCfg = Debug|Any CPU
		{CD1743AF-1308-42CC-9C30-61426F2D1A33}.Debug|Any CPU.Build.0 = Debug|Any CPU
		{CD1743AF-1308-42CC-9C30-61426F2D1A33}.Release|Any CPU.ActiveCfg = Release|Any CPU
		{CD1743AF-1308-42CC-9C30-61426F2D1A33}.Release|Any CPU.Build.0 = Release|Any CPU
		{758E9A06-0E53-4D71-8CE3-70C0CB48152E}.Debug|Any CPU.ActiveCfg = Debug|Any CPU
		{758E9A06-0E53-4D71-8CE3-70C0CB48152E}.Debug|Any CPU.Build.0 = Debug|Any CPU
		{758E9A06-0E53-4D71-8CE3-70C0CB48152E}.Release|Any CPU.ActiveCfg = Release|Any CPU
		{758E9A06-0E53-4D71-8CE3-70C0CB48152E}.Release|Any CPU.Build.0 = Release|Any CPU
		{869B9C52-891E-4DA9-A5FA-EE030AE114F5}.Debug|Any CPU.ActiveCfg = Debug|Any CPU
		{869B9C52-891E-4DA9-A5FA-EE030AE114F5}.Debug|Any CPU.Build.0 = Debug|Any CPU
		{869B9C52-891E-4DA9-A5FA-EE030AE114F5}.Release|Any CPU.ActiveCfg = Release|Any CPU
		{869B9C52-891E-4DA9-A5FA-EE030AE114F5}.Release|Any CPU.Build.0 = Release|Any CPU
		{8E8F1AB5-FC65-41EB-96E4-02118F6459F7}.Debug|Any CPU.ActiveCfg = Debug|Any CPU
		{8E8F1AB5-FC65-41EB-96E4-02118F6459F7}.Debug|Any CPU.Build.0 = Debug|Any CPU
		{8E8F1AB5-FC65-41EB-96E4-02118F6459F7}.Release|Any CPU.ActiveCfg = Release|Any CPU
		{8E8F1AB5-FC65-41EB-96E4-02118F6459F7}.Release|Any CPU.Build.0 = Release|Any CPU
		{1FCABB2E-971B-4270-A9AF-0C9902622928}.Debug|Any CPU.ActiveCfg = Debug|Any CPU
		{1FCABB2E-971B-4270-A9AF-0C9902622928}.Debug|Any CPU.Build.0 = Debug|Any CPU
		{1FCABB2E-971B-4270-A9AF-0C9902622928}.Release|Any CPU.ActiveCfg = Release|Any CPU
		{1FCABB2E-971B-4270-A9AF-0C9902622928}.Release|Any CPU.Build.0 = Release|Any CPU
	EndGlobalSection
	GlobalSection(SolutionProperties) = preSolution
		HideSolutionNode = FALSE
	EndGlobalSection
	GlobalSection(NestedProjects) = preSolution
		{39879B39-E0DA-483D-92BE-977EF620D97F} = {CD3849EE-35D6-4DE9-B10C-AF758C718DD7}
		{CD1743AF-1308-42CC-9C30-61426F2D1A33} = {CD3849EE-35D6-4DE9-B10C-AF758C718DD7}
		{758E9A06-0E53-4D71-8CE3-70C0CB48152E} = {02EA681E-C7D8-13C7-8484-4AC65E1B71E8}
		{869B9C52-891E-4DA9-A5FA-EE030AE114F5} = {02EA681E-C7D8-13C7-8484-4AC65E1B71E8}
		{8E8F1AB5-FC65-41EB-96E4-02118F6459F7} = {6D3FF506-345C-44E0-8F6C-A3B682DF3D82}
		{1FCABB2E-971B-4270-A9AF-0C9902622928} = {6D3FF506-345C-44E0-8F6C-A3B682DF3D82}
	EndGlobalSection
	GlobalSection(ExtensibilityGlobals) = postSolution
		SolutionGuid = {0EDEB5A3-490F-4364-A336-655D13AEDD35}
	EndGlobalSection
EndGlobal
